
Microsoft Visual Studio Solution File, Format Version 12.00
# Visual Studio Version 16
VisualStudioVersion = 16.0.31402.337
MinimumVisualStudioVersion = 10.0.40219.1
Project("{9A19103F-16F7-4668-BE54-9A1E7A4F7556}") = "DataAccess", "DataAccess\DataAccess.csproj", "{39211282-7B34-4EFE-A94D-2A55EA5B2356}"
EndProject
Project("{9A19103F-16F7-4668-BE54-9A1E7A4F7556}") = "Business", "Business\Business.csproj", "{352D060C-DBE4-4D71-80E8-9FCE51D5FFA2}"
EndProject
Project("{9A19103F-16F7-4668-BE54-9A1E7A4F7556}") = "Entities", "Entities\Entities.csproj", "{4D6AC5E6-4536-494F-8702-E9D647D5A302}"
EndProject
Project("{9A19103F-16F7-4668-BE54-9A1E7A4F7556}") = "ConsoleUI", "ConsoleUI\ConsoleUI.csproj", "{DB09E33E-C73F-4788-AFCF-0626C9BE107D}"
EndProject
Project("{9A19103F-16F7-4668-BE54-9A1E7A4F7556}") = "Core", "Core\Core.csproj", "{A654D8DC-C576-4E29-B129-6BE456388A89}"
EndProject
Project("{FAE04EC0-301F-11D3-BF4B-00C04F79EFBC}") = "WebAPI", "WebAPI\WebAPI.csproj", "{AE6E09B3-39AC-4AD5-BF10-D4D89CFC55E0}"
EndProject
Global
	GlobalSection(SolutionConfigurationPlatforms) = preSolution
		Debug|Any CPU = Debug|Any CPU
		Release|Any CPU = Release|Any CPU
	EndGlobalSection
	GlobalSection(ProjectConfigurationPlatforms) = postSolution
		{39211282-7B34-4EFE-A94D-2A55EA5B2356}.Debug|Any CPU.ActiveCfg = Debug|Any CPU
		{39211282-7B34-4EFE-A94D-2A55EA5B2356}.Debug|Any CPU.Build.0 = Debug|Any CPU
		{39211282-7B34-4EFE-A94D-2A55EA5B2356}.Release|Any CPU.ActiveCfg = Release|Any CPU
		{39211282-7B34-4EFE-A94D-2A55EA5B2356}.Release|Any CPU.Build.0 = Release|Any CPU
		{352D060C-DBE4-4D71-80E8-9FCE51D5FFA2}.Debug|Any CPU.ActiveCfg = Debug|Any CPU
		{352D060C-DBE4-4D71-80E8-9FCE51D5FFA2}.Debug|Any CPU.Build.0 = Debug|Any CPU
		{352D060C-DBE4-4D71-80E8-9FCE51D5FFA2}.Release|Any CPU.ActiveCfg = Release|Any CPU
		{352D060C-DBE4-4D71-80E8-9FCE51D5FFA2}.Release|Any CPU.Build.0 = Release|Any CPU
		{4D6AC5E6-4536-494F-8702-E9D647D5A302}.Debug|Any CPU.ActiveCfg = Debug|Any CPU
		{4D6AC5E6-4536-494F-8702-E9D647D5A302}.Debug|Any CPU.Build.0 = Debug|Any CPU
		{4D6AC5E6-4536-494F-8702-E9D647D5A302}.Release|Any CPU.ActiveCfg = Release|Any CPU
		{4D6AC5E6-4536-494F-8702-E9D647D5A302}.Release|Any CPU.Build.0 = Release|Any CPU
		{DB09E33E-C73F-4788-AFCF-0626C9BE107D}.Debug|Any CPU.ActiveCfg = Debug|Any CPU
		{DB09E33E-C73F-4788-AFCF-0626C9BE107D}.Debug|Any CPU.Build.0 = Debug|Any CPU
		{DB09E33E-C73F-4788-AFCF-0626C9BE107D}.Release|Any CPU.ActiveCfg = Release|Any CPU
		{DB09E33E-C73F-4788-AFCF-0626C9BE107D}.Release|Any CPU.Build.0 = Release|Any CPU
		{A654D8DC-C576-4E29-B129-6BE456388A89}.Debug|Any CPU.ActiveCfg = Debug|Any CPU
		{A654D8DC-C576-4E29-B129-6BE456388A89}.Debug|Any CPU.Build.0 = Debug|Any CPU
		{A654D8DC-C576-4E29-B129-6BE456388A89}.Release|Any CPU.ActiveCfg = Release|Any CPU
		{A654D8DC-C576-4E29-B129-6BE456388A89}.Release|Any CPU.Build.0 = Release|Any CPU
		{AE6E09B3-39AC-4AD5-BF10-D4D89CFC55E0}.Debug|Any CPU.ActiveCfg = Debug|Any CPU
		{AE6E09B3-39AC-4AD5-BF10-D4D89CFC55E0}.Debug|Any CPU.Build.0 = Debug|Any CPU
		{AE6E09B3-39AC-4AD5-BF10-D4D89CFC55E0}.Release|Any CPU.ActiveCfg = Release|Any CPU
		{AE6E09B3-39AC-4AD5-BF10-D4D89CFC55E0}.Release|Any CPU.Build.0 = Release|Any CPU
	EndGlobalSection
	GlobalSection(SolutionProperties) = preSolution
		HideSolutionNode = FALSE
	EndGlobalSection
	GlobalSection(ExtensibilityGlobals) = postSolution
		SolutionGuid = {C69B0F9F-175C-41F0-AD20-1B0318661C65}
	EndGlobalSection
EndGlobal
